
Microsoft Visual Studio Solution File, Format Version 12.00
# Visual Studio Version 17
VisualStudioVersion = 17.10.34928.147
MinimumVisualStudioVersion = 10.0.40219.1
Project("{FAE04EC0-301F-11D3-BF4B-00C04F79EFBC}") = "EnumDemo", "EnumDemo.csproj", "{8334BA26-4FB5-49B5-96A4-0C412F3F6E18}"
EndProject
Global
	GlobalSection(SolutionConfigurationPlatforms) = preSolution
		Debug|Any CPU = Debug|Any CPU
		Release|Any CPU = Release|Any CPU
	EndGlobalSection
	GlobalSection(ProjectConfigurationPlatforms) = postSolution
		{8334BA26-4FB5-49B5-96A4-0C412F3F6E18}.Debug|Any CPU.ActiveCfg = Debug|Any CPU
		{8334BA26-4FB5-49B5-96A4-0C412F3F6E18}.Debug|Any CPU.Build.0 = Debug|Any CPU
		{8334BA26-4FB5-49B5-96A4-0C412F3F6E18}.Release|Any CPU.ActiveCfg = Release|Any CPU
		{8334BA26-4FB5-49B5-96A4-0C412F3F6E18}.Release|Any CPU.Build.0 = Release|Any CPU
	EndGlobalSection
	GlobalSection(SolutionProperties) = preSolution
		HideSolutionNode = FALSE
	EndGlobalSection
	GlobalSection(ExtensibilityGlobals) = postSolution
		SolutionGuid = {A8F726E7-BC8E-444A-A63A-294C44484330}
	EndGlobalSection
EndGlobal
