
Microsoft Visual Studio Solution File, Format Version 12.00
# Visual Studio Version 17
VisualStudioVersion = 17.10.34928.147
MinimumVisualStudioVersion = 10.0.40219.1
Project("{FAE04EC0-301F-11D3-BF4B-00C04F79EFBC}") = "GenericClassDemo", "GenericClassDemo.csproj", "{0AE8A1CA-EF0B-4AFA-B533-6A11245E2A11}"
EndProject
Global
	GlobalSection(SolutionConfigurationPlatforms) = preSolution
		Debug|Any CPU = Debug|Any CPU
		Release|Any CPU = Release|Any CPU
	EndGlobalSection
	GlobalSection(ProjectConfigurationPlatforms) = postSolution
		{0AE8A1CA-EF0B-4AFA-B533-6A11245E2A11}.Debug|Any CPU.ActiveCfg = Debug|Any CPU
		{0AE8A1CA-EF0B-4AFA-B533-6A11245E2A11}.Debug|Any CPU.Build.0 = Debug|Any CPU
		{0AE8A1CA-EF0B-4AFA-B533-6A11245E2A11}.Release|Any CPU.ActiveCfg = Release|Any CPU
		{0AE8A1CA-EF0B-4AFA-B533-6A11245E2A11}.Release|Any CPU.Build.0 = Release|Any CPU
	EndGlobalSection
	GlobalSection(SolutionProperties) = preSolution
		HideSolutionNode = FALSE
	EndGlobalSection
	GlobalSection(ExtensibilityGlobals) = postSolution
		SolutionGuid = {F34F0AD6-8F4E-4526-A968-080F0FD6449F}
	EndGlobalSection
EndGlobal
